
Microsoft Visual Studio Solution File, Format Version 12.00
# Visual Studio Version 17
VisualStudioVersion = 17.3.32922.545
MinimumVisualStudioVersion = 10.0.40219.1
Project("{FAE04EC0-301F-11D3-BF4B-00C04F79EFBC}") = "Shop.Objects", "Shop.Objects.csproj", "{DA3BDD6D-9D53-4C77-B5A9-274F13D27E31}"
EndProject
Global
	GlobalSection(SolutionConfigurationPlatforms) = preSolution
		Debug|Any CPU = Debug|Any CPU
		Release|Any CPU = Release|Any CPU
	EndGlobalSection
	GlobalSection(ProjectConfigurationPlatforms) = postSolution
		{DA3BDD6D-9D53-4C77-B5A9-274F13D27E31}.Debug|Any CPU.ActiveCfg = Debug|Any CPU
		{DA3BDD6D-9D53-4C77-B5A9-274F13D27E31}.Debug|Any CPU.Build.0 = Debug|Any CPU
		{DA3BDD6D-9D53-4C77-B5A9-274F13D27E31}.Release|Any CPU.ActiveCfg = Release|Any CPU
		{DA3BDD6D-9D53-4C77-B5A9-274F13D27E31}.Release|Any CPU.Build.0 = Release|Any CPU
	EndGlobalSection
	GlobalSection(SolutionProperties) = preSolution
		HideSolutionNode = FALSE
	EndGlobalSection
	GlobalSection(ExtensibilityGlobals) = postSolution
		SolutionGuid = {6D207154-83AD-42E3-97E2-CF2B4CEB5AEB}
	EndGlobalSection
EndGlobal
